// !$*UTF8*$!
{
	archiveVersion = 1;
	classes = {
	};
	objectVersion = 46;
	objects = {

/* Begin PBXBuildFile section */
		7D3D9CF416CA33FD00967292 /* UIKit.framework in Frameworks */ = {isa = PBXBuildFile; fileRef = 7D3D9CF316CA33FD00967292 /* UIKit.framework */; };
		7D3D9CF616CA33FD00967292 /* Foundation.framework in Frameworks */ = {isa = PBXBuildFile; fileRef = 7D3D9CF516CA33FD00967292 /* Foundation.framework */; };
		7D3D9CF816CA33FD00967292 /* CoreGraphics.framework in Frameworks */ = {isa = PBXBuildFile; fileRef = 7D3D9CF716CA33FD00967292 /* CoreGraphics.framework */; };
		7D3D9CFE16CA33FD00967292 /* InfoPlist.strings in Resources */ = {isa = PBXBuildFile; fileRef = 7D3D9CFC16CA33FD00967292 /* InfoPlist.strings */; };
		7D3D9D0016CA33FD00967292 /* main.m in Sources */ = {isa = PBXBuildFile; fileRef = 7D3D9CFF16CA33FD00967292 /* main.m */; };
		7D3D9D0416CA33FD00967292 /* GKAppDelegate.m in Sources */ = {isa = PBXBuildFile; fileRef = 7D3D9D0316CA33FD00967292 /* GKAppDelegate.m */; };
		7D3D9D0C16CA344F00967292 /* Main.xib in Resources */ = {isa = PBXBuildFile; fileRef = 7D3D9D0B16CA344F00967292 /* Main.xib */; };
		7D3D9D0F16CA3A4A00967292 /* GKMainUIViewControllerViewController.m in Sources */ = {isa = PBXBuildFile; fileRef = 7D3D9D0E16CA3A4A00967292 /* GKMainUIViewControllerViewController.m */; };
/* End PBXBuildFile section */

/* Begin PBXFileReference section */
		7D3D9CEF16CA33FD00967292 /* YY's Plant.app */ = {isa = PBXFileReference; explicitFileType = wrapper.application; includeInIndex = 0; path = "YY's Plant.app"; sourceTree = BUILT_PRODUCTS_DIR; };
		7D3D9CF316CA33FD00967292 /* UIKit.framework */ = {isa = PBXFileReference; lastKnownFileType = wrapper.framework; name = UIKit.framework; path = System/Library/Frameworks/UIKit.framework; sourceTree = SDKROOT; };
		7D3D9CF516CA33FD00967292 /* Foundation.framework */ = {isa = PBXFileReference; lastKnownFileType = wrapper.framework; name = Foundation.framework; path = System/Library/Frameworks/Foundation.framework; sourceTree = SDKROOT; };
		7D3D9CF716CA33FD00967292 /* CoreGraphics.framework */ = {isa = PBXFileReference; lastKnownFileType = wrapper.framework; name = CoreGraphics.framework; path = System/Library/Frameworks/CoreGraphics.framework; sourceTree = SDKROOT; };
		7D3D9CFB16CA33FD00967292 /* YY's Plant-Info.plist */ = {isa = PBXFileReference; lastKnownFileType = text.plist.xml; path = "YY's Plant-Info.plist"; sourceTree = "<group>"; };
		7D3D9CFD16CA33FD00967292 /* en */ = {isa = PBXFileReference; lastKnownFileType = text.plist.strings; name = en; path = en.lproj/InfoPlist.strings; sourceTree = "<group>"; };
		7D3D9CFF16CA33FD00967292 /* main.m */ = {isa = PBXFileReference; lastKnownFileType = sourcecode.c.objc; path = main.m; sourceTree = "<group>"; };
		7D3D9D0116CA33FD00967292 /* YY's Plant-Prefix.pch */ = {isa = PBXFileReference; lastKnownFileType = sourcecode.c.h; path = "YY's Plant-Prefix.pch"; sourceTree = "<group>"; };
		7D3D9D0216CA33FD00967292 /* GKAppDelegate.h */ = {isa = PBXFileReference; lastKnownFileType = sourcecode.c.h; path = GKAppDelegate.h; sourceTree = "<group>"; };
		7D3D9D0316CA33FD00967292 /* GKAppDelegate.m */ = {isa = PBXFileReference; lastKnownFileType = sourcecode.c.objc; path = GKAppDelegate.m; sourceTree = "<group>"; };
		7D3D9D0B16CA344F00967292 /* Main.xib */ = {isa = PBXFileReference; fileEncoding = 4; lastKnownFileType = file.xib; path = Main.xib; sourceTree = "<group>"; };
		7D3D9D0D16CA3A4A00967292 /* GKMainUIViewControllerViewController.h */ = {isa = PBXFileReference; fileEncoding = 4; lastKnownFileType = sourcecode.c.h; path = GKMainUIViewControllerViewController.h; sourceTree = "<group>"; };
		7D3D9D0E16CA3A4A00967292 /* GKMainUIViewControllerViewController.m */ = {isa = PBXFileReference; fileEncoding = 4; lastKnownFileType = sourcecode.c.objc; path = GKMainUIViewControllerViewController.m; sourceTree = "<group>"; };
/* End PBXFileReference section */

/* Begin PBXFrameworksBuildPhase section */
		7D3D9CEC16CA33FD00967292 /* Frameworks */ = {
			isa = PBXFrameworksBuildPhase;
			buildActionMask = 2147483647;
			files = (
				7D3D9CF416CA33FD00967292 /* UIKit.framework in Frameworks */,
				7D3D9CF616CA33FD00967292 /* Foundation.framework in Frameworks */,
				7D3D9CF816CA33FD00967292 /* CoreGraphics.framework in Frameworks */,
			);
			runOnlyForDeploymentPostprocessing = 0;
		};
/* End PBXFrameworksBuildPhase section */

/* Begin PBXGroup section */
		7D3D9CE416CA33FD00967292 = {
			isa = PBXGroup;
			children = (
				7D3D9CF916CA33FD00967292 /* YY's Plant */,
				7D3D9CF216CA33FD00967292 /* Frameworks */,
				7D3D9CF016CA33FD00967292 /* Products */,
			);
			sourceTree = "<group>";
		};
		7D3D9CF016CA33FD00967292 /* Products */ = {
			isa = PBXGroup;
			children = (
				7D3D9CEF16CA33FD00967292 /* YY's Plant.app */,
			);
			name = Products;
			sourceTree = "<group>";
		};
		7D3D9CF216CA33FD00967292 /* Frameworks */ = {
			isa = PBXGroup;
			children = (
				7D3D9CF316CA33FD00967292 /* UIKit.framework */,
				7D3D9CF516CA33FD00967292 /* Foundation.framework */,
				7D3D9CF716CA33FD00967292 /* CoreGraphics.framework */,
			);
			name = Frameworks;
			sourceTree = "<group>";
		};
		7D3D9CF916CA33FD00967292 /* YY's Plant */ = {
			isa = PBXGroup;
			children = (
				7D3D9D0A16CA341300967292 /* UI */,
				7D3D9D0216CA33FD00967292 /* GKAppDelegate.h */,
				7D3D9D0316CA33FD00967292 /* GKAppDelegate.m */,
				7D3D9D0D16CA3A4A00967292 /* GKMainUIViewControllerViewController.h */,
				7D3D9D0E16CA3A4A00967292 /* GKMainUIViewControllerViewController.m */,
				7D3D9CFA16CA33FD00967292 /* Supporting Files */,
			);
			path = "YY's Plant";
			sourceTree = "<group>";
		};
		7D3D9CFA16CA33FD00967292 /* Supporting Files */ = {
			isa = PBXGroup;
			children = (
				7D3D9CFB16CA33FD00967292 /* YY's Plant-Info.plist */,
				7D3D9CFC16CA33FD00967292 /* InfoPlist.strings */,
				7D3D9CFF16CA33FD00967292 /* main.m */,
				7D3D9D0116CA33FD00967292 /* YY's Plant-Prefix.pch */,
			);
			name = "Supporting Files";
			sourceTree = "<group>";
		};
		7D3D9D0A16CA341300967292 /* UI */ = {
			isa = PBXGroup;
			children = (
				7D3D9D0B16CA344F00967292 /* Main.xib */,
			);
			name = UI;
			sourceTree = "<group>";
		};
/* End PBXGroup section */

/* Begin PBXNativeTarget section */
		7D3D9CEE16CA33FD00967292 /* YY's Plant */ = {
			isa = PBXNativeTarget;
			buildConfigurationList = 7D3D9D0716CA33FD00967292 /* Build configuration list for PBXNativeTarget "YY's Plant" */;
			buildPhases = (
				7D3D9CEB16CA33FD00967292 /* Sources */,
				7D3D9CEC16CA33FD00967292 /* Frameworks */,
				7D3D9CED16CA33FD00967292 /* Resources */,
			);
			buildRules = (
			);
			dependencies = (
			);
			name = "YY's Plant";
			productName = "YY's Plant";
			productReference = 7D3D9CEF16CA33FD00967292 /* YY's Plant.app */;
			productType = "com.apple.product-type.application";
		};
/* End PBXNativeTarget section */

/* Begin PBXProject section */
		7D3D9CE616CA33FD00967292 /* Project object */ = {
			isa = PBXProject;
			attributes = {
				CLASSPREFIX = GK;
				LastUpgradeCheck = 0430;
			};
			buildConfigurationList = 7D3D9CE916CA33FD00967292 /* Build configuration list for PBXProject "YY's Plant" */;
			compatibilityVersion = "Xcode 3.2";
			developmentRegion = English;
			hasScannedForEncodings = 0;
			knownRegions = (
				en,
			);
			mainGroup = 7D3D9CE416CA33FD00967292;
			productRefGroup = 7D3D9CF016CA33FD00967292 /* Products */;
			projectDirPath = "";
			projectRoot = "";
			targets = (
				7D3D9CEE16CA33FD00967292 /* YY's Plant */,
			);
		};
/* End PBXProject section */

/* Begin PBXResourcesBuildPhase section */
		7D3D9CED16CA33FD00967292 /* Resources */ = {
			isa = PBXResourcesBuildPhase;
			buildActionMask = 2147483647;
			files = (
				7D3D9CFE16CA33FD00967292 /* InfoPlist.strings in Resources */,
				7D3D9D0C16CA344F00967292 /* Main.xib in Resources */,
			);
			runOnlyForDeploymentPostprocessing = 0;
		};
/* End PBXResourcesBuildPhase section */

/* Begin PBXSourcesBuildPhase section */
		7D3D9CEB16CA33FD00967292 /* Sources */ = {
			isa = PBXSourcesBuildPhase;
			buildActionMask = 2147483647;
			files = (
				7D3D9D0016CA33FD00967292 /* main.m in Sources */,
				7D3D9D0416CA33FD00967292 /* GKAppDelegate.m in Sources */,
				7D3D9D0F16CA3A4A00967292 /* GKMainUIViewControllerViewController.m in Sources */,
			);
			runOnlyForDeploymentPostprocessing = 0;
		};
/* End PBXSourcesBuildPhase section */

/* Begin PBXVariantGroup section */
		7D3D9CFC16CA33FD00967292 /* InfoPlist.strings */ = {
			isa = PBXVariantGroup;
			children = (
				7D3D9CFD16CA33FD00967292 /* en */,
			);
			name = InfoPlist.strings;
			sourceTree = "<group>";
		};
/* End PBXVariantGroup section */

/* Begin XCBuildConfiguration section */
		7D3D9D0516CA33FD00967292 /* Debug */ = {
			isa = XCBuildConfiguration;
			buildSettings = {
				ALWAYS_SEARCH_USER_PATHS = NO;
				ARCHS = "$(ARCHS_STANDARD_32_BIT)";
				CLANG_ENABLE_OBJC_ARC = YES;
				"CODE_SIGN_IDENTITY[sdk=iphoneos*]" = "iPhone Developer";
				COPY_PHASE_STRIP = NO;
				GCC_C_LANGUAGE_STANDARD = gnu99;
				GCC_DYNAMIC_NO_PIC = NO;
				GCC_OPTIMIZATION_LEVEL = 0;
				GCC_PREPROCESSOR_DEFINITIONS = (
					"DEBUG=1",
					"$(inherited)",
				);
				GCC_SYMBOLS_PRIVATE_EXTERN = NO;
				GCC_VERSION = com.apple.compilers.llvm.clang.1_0;
				GCC_WARN_ABOUT_RETURN_TYPE = YES;
				GCC_WARN_UNINITIALIZED_AUTOS = YES;
				GCC_WARN_UNUSED_VARIABLE = YES;
				IPHONEOS_DEPLOYMENT_TARGET = 5.1;
				SDKROOT = iphoneos;
			};
			name = Debug;
		};
		7D3D9D0616CA33FD00967292 /* Release */ = {
			isa = XCBuildConfiguration;
			buildSettings = {
				ALWAYS_SEARCH_USER_PATHS = NO;
				ARCHS = "$(ARCHS_STANDARD_32_BIT)";
				CLANG_ENABLE_OBJC_ARC = YES;
				"CODE_SIGN_IDENTITY[sdk=iphoneos*]" = "iPhone Developer";
				COPY_PHASE_STRIP = YES;
				GCC_C_LANGUAGE_STANDARD = gnu99;
				GCC_VERSION = com.apple.compilers.llvm.clang.1_0;
				GCC_WARN_ABOUT_RETURN_TYPE = YES;
				GCC_WARN_UNINITIALIZED_AUTOS = YES;
				GCC_WARN_UNUSED_VARIABLE = YES;
				IPHONEOS_DEPLOYMENT_TARGET = 5.1;
				OTHER_CFLAGS = "-DNS_BLOCK_ASSERTIONS=1";
				SDKROOT = iphoneos;
				VALIDATE_PRODUCT = YES;
			};
			name = Release;
		};
		7D3D9D0816CA33FD00967292 /* Debug */ = {
			isa = XCBuildConfiguration;
			buildSettings = {
				GCC_PRECOMPILE_PREFIX_HEADER = YES;
				GCC_PREFIX_HEADER = "YY's Plant/YY's Plant-Prefix.pch";
				INFOPLIST_FILE = "YY's Plant/YY's Plant-Info.plist";
				PRODUCT_NAME = "$(TARGET_NAME)";
				WRAPPER_EXTENSION = app;
			};
			name = Debug;
		};
		7D3D9D0916CA33FD00967292 /* Release */ = {
			isa = XCBuildConfiguration;
			buildSettings = {
				GCC_PRECOMPILE_PREFIX_HEADER = YES;
				GCC_PREFIX_HEADER = "YY's Plant/YY's Plant-Prefix.pch";
				INFOPLIST_FILE = "YY's Plant/YY's Plant-Info.plist";
				PRODUCT_NAME = "$(TARGET_NAME)";
				WRAPPER_EXTENSION = app;
			};
			name = Release;
		};
/* End XCBuildConfiguration section */

/* Begin XCConfigurationList section */
		7D3D9CE916CA33FD00967292 /* Build configuration list for PBXProject "YY's Plant" */ = {
			isa = XCConfigurationList;
			buildConfigurations = (
				7D3D9D0516CA33FD00967292 /* Debug */,
				7D3D9D0616CA33FD00967292 /* Release */,
			);
			defaultConfigurationIsVisible = 0;
			defaultConfigurationName = Release;
		};
		7D3D9D0716CA33FD00967292 /* Build configuration list for PBXNativeTarget "YY's Plant" */ = {
			isa = XCConfigurationList;
			buildConfigurations = (
				7D3D9D0816CA33FD00967292 /* Debug */,
				7D3D9D0916CA33FD00967292 /* Release */,
			);
			defaultConfigurationIsVisible = 0;
		};
/* End XCConfigurationList section */
	};
	rootObject = 7D3D9CE616CA33FD00967292 /* Project object */;
}
